
Microsoft Visual Studio Solution File, Format Version 12.00
# Visual Studio Version 17
VisualStudioVersion = 17.8.34330.188
MinimumVisualStudioVersion = 10.0.40219.1
Project("{9A19103F-16F7-4668-BE54-9A1E7A4F7556}") = "CKCDotNetCore.ConsoleApp", "TestingDotNetCore.ConsoleApp\CKCDotNetCore.ConsoleApp.csproj", "{176692E8-8BD5-4019-89FD-145C7187749E}"
EndProject
Project("{9A19103F-16F7-4668-BE54-9A1E7A4F7556}") = "CKCDotNetCore.RestApi", "CKCDotNetCore.RestApi\CKCDotNetCore.RestApi.csproj", "{B1B37666-6394-421C-A5B2-8B50F96E7C20}"
EndProject
Project("{2150E333-8FDC-42A3-9474-1A3956D46DE8}") = "Solution Items", "Solution Items", "{4A9C94E6-8589-4EA8-800D-BE2B050E410A}"
	ProjectSection(SolutionItems) = preProject
		.editorconfig = .editorconfig
	EndProjectSection
EndProject
Global
	GlobalSection(SolutionConfigurationPlatforms) = preSolution
		Debug|Any CPU = Debug|Any CPU
		Release|Any CPU = Release|Any CPU
	EndGlobalSection
	GlobalSection(ProjectConfigurationPlatforms) = postSolution
		{176692E8-8BD5-4019-89FD-145C7187749E}.Debug|Any CPU.ActiveCfg = Debug|Any CPU
		{176692E8-8BD5-4019-89FD-145C7187749E}.Debug|Any CPU.Build.0 = Debug|Any CPU
		{176692E8-8BD5-4019-89FD-145C7187749E}.Release|Any CPU.ActiveCfg = Release|Any CPU
		{176692E8-8BD5-4019-89FD-145C7187749E}.Release|Any CPU.Build.0 = Release|Any CPU
		{B1B37666-6394-421C-A5B2-8B50F96E7C20}.Debug|Any CPU.ActiveCfg = Debug|Any CPU
		{B1B37666-6394-421C-A5B2-8B50F96E7C20}.Debug|Any CPU.Build.0 = Debug|Any CPU
		{B1B37666-6394-421C-A5B2-8B50F96E7C20}.Release|Any CPU.ActiveCfg = Release|Any CPU
		{B1B37666-6394-421C-A5B2-8B50F96E7C20}.Release|Any CPU.Build.0 = Release|Any CPU
	EndGlobalSection
	GlobalSection(SolutionProperties) = preSolution
		HideSolutionNode = FALSE
	EndGlobalSection
	GlobalSection(ExtensibilityGlobals) = postSolution
		SolutionGuid = {E9F71AF8-ED37-45F1-B8EA-582DD4699E22}
	EndGlobalSection
EndGlobal
